
Microsoft Visual Studio Solution File, Format Version 12.00
# Visual Studio Version 17
VisualStudioVersion = 17.11.35219.272
MinimumVisualStudioVersion = 10.0.40219.1
Project("{FAE04EC0-301F-11D3-BF4B-00C04F79EFBC}") = "FoodTruck", "FoodTruck\FoodTruck.csproj", "{13638673-455B-4381-80CE-A664DEC1B708}"
EndProject
Global
	GlobalSection(SolutionConfigurationPlatforms) = preSolution
		Debug|Any CPU = Debug|Any CPU
		Release|Any CPU = Release|Any CPU
	EndGlobalSection
	GlobalSection(ProjectConfigurationPlatforms) = postSolution
		{13638673-455B-4381-80CE-A664DEC1B708}.Debug|Any CPU.ActiveCfg = Debug|Any CPU
		{13638673-455B-4381-80CE-A664DEC1B708}.Debug|Any CPU.Build.0 = Debug|Any CPU
		{13638673-455B-4381-80CE-A664DEC1B708}.Release|Any CPU.ActiveCfg = Release|Any CPU
		{13638673-455B-4381-80CE-A664DEC1B708}.Release|Any CPU.Build.0 = Release|Any CPU
	EndGlobalSection
	GlobalSection(SolutionProperties) = preSolution
		HideSolutionNode = FALSE
	EndGlobalSection
	GlobalSection(ExtensibilityGlobals) = postSolution
		SolutionGuid = {7C2867EC-636B-4D4D-A27C-F86182D6F550}
	EndGlobalSection
EndGlobal
